
Microsoft Visual Studio Solution File, Format Version 12.00
# Visual Studio Version 17
VisualStudioVersion = 17.1.32210.238
MinimumVisualStudioVersion = 10.0.40219.1
Project("{FAE04EC0-301F-11D3-BF4B-00C04F79EFBC}") = "Git_test", "Git_test\Git_test.csproj", "{81482247-C609-4A11-9DAE-61EBD582F958}"
EndProject
Global
	GlobalSection(SolutionConfigurationPlatforms) = preSolution
		Debug|Any CPU = Debug|Any CPU
		Release|Any CPU = Release|Any CPU
	EndGlobalSection
	GlobalSection(ProjectConfigurationPlatforms) = postSolution
		{81482247-C609-4A11-9DAE-61EBD582F958}.Debug|Any CPU.ActiveCfg = Debug|Any CPU
		{81482247-C609-4A11-9DAE-61EBD582F958}.Debug|Any CPU.Build.0 = Debug|Any CPU
		{81482247-C609-4A11-9DAE-61EBD582F958}.Release|Any CPU.ActiveCfg = Release|Any CPU
		{81482247-C609-4A11-9DAE-61EBD582F958}.Release|Any CPU.Build.0 = Release|Any CPU
	EndGlobalSection
	GlobalSection(SolutionProperties) = preSolution
		HideSolutionNode = FALSE
	EndGlobalSection
	GlobalSection(ExtensibilityGlobals) = postSolution
		SolutionGuid = {B7360884-F5EC-4A5F-8BF4-007BB6D77F66}
	EndGlobalSection
EndGlobal
